// !$*UTF8*$!
{
	archiveVersion = 1;
	classes = {
	};
	objectVersion = 50;
	objects = {

/* Begin PBXBuildFile section */
		732E2FB820A6D761004CD401 /* AppDelegate.swift in Sources */ = {isa = PBXBuildFile; fileRef = 732E2FB720A6D761004CD401 /* AppDelegate.swift */; };
		732E2FBA20A6D761004CD401 /* ViewController.swift in Sources */ = {isa = PBXBuildFile; fileRef = 732E2FB920A6D761004CD401 /* ViewController.swift */; };
		732E2FBD20A6D761004CD401 /* Main.storyboard in Resources */ = {isa = PBXBuildFile; fileRef = 732E2FBB20A6D761004CD401 /* Main.storyboard */; };
		732E2FBF20A6D764004CD401 /* Assets.xcassets in Resources */ = {isa = PBXBuildFile; fileRef = 732E2FBE20A6D764004CD401 /* Assets.xcassets */; };
		732E2FC220A6D764004CD401 /* LaunchScreen.storyboard in Resources */ = {isa = PBXBuildFile; fileRef = 732E2FC020A6D764004CD401 /* LaunchScreen.storyboard */; };
		732E2FCA20A6D782004CD401 /* SystemTableVC.swift in Sources */ = {isa = PBXBuildFile; fileRef = 732E2FC920A6D782004CD401 /* SystemTableVC.swift */; };
		73EBD90820A6E1EC00E3B069 /* SwiftTableViewViewController.swift in Sources */ = {isa = PBXBuildFile; fileRef = 73EBD90720A6E1EC00E3B069 /* SwiftTableViewViewController.swift */; };
		73EBD90B20A6E23600E3B069 /* SwiftTableView.swift in Sources */ = {isa = PBXBuildFile; fileRef = 73EBD90A20A6E23600E3B069 /* SwiftTableView.swift */; };
		73EBD90D20A6E4C300E3B069 /* CellModelInfo.swift in Sources */ = {isa = PBXBuildFile; fileRef = 73EBD90C20A6E4C300E3B069 /* CellModelInfo.swift */; };
/* End PBXBuildFile section */

/* Begin PBXFileReference section */
		732E2FB420A6D761004CD401 /* TableView.app */ = {isa = PBXFileReference; explicitFileType = wrapper.application; includeInIndex = 0; path = TableView.app; sourceTree = BUILT_PRODUCTS_DIR; };
		732E2FB720A6D761004CD401 /* AppDelegate.swift */ = {isa = PBXFileReference; lastKnownFileType = sourcecode.swift; path = AppDelegate.swift; sourceTree = "<group>"; };
		732E2FB920A6D761004CD401 /* ViewController.swift */ = {isa = PBXFileReference; lastKnownFileType = sourcecode.swift; path = ViewController.swift; sourceTree = "<group>"; };
		732E2FBC20A6D761004CD401 /* Base */ = {isa = PBXFileReference; lastKnownFileType = file.storyboard; name = Base; path = Base.lproj/Main.storyboard; sourceTree = "<group>"; };
		732E2FBE20A6D764004CD401 /* Assets.xcassets */ = {isa = PBXFileReference; lastKnownFileType = folder.assetcatalog; path = Assets.xcassets; sourceTree = "<group>"; };
		732E2FC120A6D764004CD401 /* Base */ = {isa = PBXFileReference; lastKnownFileType = file.storyboard; name = Base; path = Base.lproj/LaunchScreen.storyboard; sourceTree = "<group>"; };
		732E2FC320A6D764004CD401 /* Info.plist */ = {isa = PBXFileReference; lastKnownFileType = text.plist.xml; path = Info.plist; sourceTree = "<group>"; };
		732E2FC920A6D782004CD401 /* SystemTableVC.swift */ = {isa = PBXFileReference; lastKnownFileType = sourcecode.swift; path = SystemTableVC.swift; sourceTree = "<group>"; };
		73EBD90720A6E1EC00E3B069 /* SwiftTableViewViewController.swift */ = {isa = PBXFileReference; lastKnownFileType = sourcecode.swift; path = SwiftTableViewViewController.swift; sourceTree = "<group>"; };
		73EBD90A20A6E23600E3B069 /* SwiftTableView.swift */ = {isa = PBXFileReference; lastKnownFileType = sourcecode.swift; path = SwiftTableView.swift; sourceTree = "<group>"; };
		73EBD90C20A6E4C300E3B069 /* CellModelInfo.swift */ = {isa = PBXFileReference; lastKnownFileType = sourcecode.swift; path = CellModelInfo.swift; sourceTree = "<group>"; };
/* End PBXFileReference section */

/* Begin PBXFrameworksBuildPhase section */
		732E2FB120A6D761004CD401 /* Frameworks */ = {
			isa = PBXFrameworksBuildPhase;
			buildActionMask = 2147483647;
			files = (
			);
			runOnlyForDeploymentPostprocessing = 0;
		};
/* End PBXFrameworksBuildPhase section */

/* Begin PBXGroup section */
		732E2FAB20A6D761004CD401 = {
			isa = PBXGroup;
			children = (
				732E2FB620A6D761004CD401 /* TableView */,
				732E2FB520A6D761004CD401 /* Products */,
			);
			sourceTree = "<group>";
		};
		732E2FB520A6D761004CD401 /* Products */ = {
			isa = PBXGroup;
			children = (
				732E2FB420A6D761004CD401 /* TableView.app */,
			);
			name = Products;
			sourceTree = "<group>";
		};
		732E2FB620A6D761004CD401 /* TableView */ = {
			isa = PBXGroup;
			children = (
				732E2FB720A6D761004CD401 /* AppDelegate.swift */,
				732E2FB920A6D761004CD401 /* ViewController.swift */,
				732E2FC920A6D782004CD401 /* SystemTableVC.swift */,
				73EBD90720A6E1EC00E3B069 /* SwiftTableViewViewController.swift */,
				73EBD90920A6E20300E3B069 /* swiftTableView */,
				732E2FBB20A6D761004CD401 /* Main.storyboard */,
				732E2FBE20A6D764004CD401 /* Assets.xcassets */,
				732E2FC020A6D764004CD401 /* LaunchScreen.storyboard */,
				732E2FC320A6D764004CD401 /* Info.plist */,
			);
			path = TableView;
			sourceTree = "<group>";
		};
		73EBD90920A6E20300E3B069 /* swiftTableView */ = {
			isa = PBXGroup;
			children = (
				73EBD90A20A6E23600E3B069 /* SwiftTableView.swift */,
				73EBD90C20A6E4C300E3B069 /* CellModelInfo.swift */,
			);
			path = swiftTableView;
			sourceTree = "<group>";
		};
/* End PBXGroup section */

/* Begin PBXNativeTarget section */
		732E2FB320A6D761004CD401 /* TableView */ = {
			isa = PBXNativeTarget;
			buildConfigurationList = 732E2FC620A6D764004CD401 /* Build configuration list for PBXNativeTarget "TableView" */;
			buildPhases = (
				732E2FB020A6D761004CD401 /* Sources */,
				732E2FB120A6D761004CD401 /* Frameworks */,
				732E2FB220A6D761004CD401 /* Resources */,
			);
			buildRules = (
			);
			dependencies = (
			);
			name = TableView;
			productName = TableView;
			productReference = 732E2FB420A6D761004CD401 /* TableView.app */;
			productType = "com.apple.product-type.application";
		};
/* End PBXNativeTarget section */

/* Begin PBXProject section */
		732E2FAC20A6D761004CD401 /* Project object */ = {
			isa = PBXProject;
			attributes = {
				LastSwiftUpdateCheck = 0930;
				LastUpgradeCheck = 0930;
				ORGANIZATIONNAME = "韩志峰";
				TargetAttributes = {
					732E2FB320A6D761004CD401 = {
						CreatedOnToolsVersion = 9.3;
					};
				};
			};
			buildConfigurationList = 732E2FAF20A6D761004CD401 /* Build configuration list for PBXProject "TableView" */;
			compatibilityVersion = "Xcode 9.3";
			developmentRegion = en;
			hasScannedForEncodings = 0;
			knownRegions = (
				en,
				Base,
			);
			mainGroup = 732E2FAB20A6D761004CD401;
			productRefGroup = 732E2FB520A6D761004CD401 /* Products */;
			projectDirPath = "";
			projectRoot = "";
			targets = (
				732E2FB320A6D761004CD401 /* TableView */,
			);
		};
/* End PBXProject section */

/* Begin PBXResourcesBuildPhase section */
		732E2FB220A6D761004CD401 /* Resources */ = {
			isa = PBXResourcesBuildPhase;
			buildActionMask = 2147483647;
			files = (
				732E2FC220A6D764004CD401 /* LaunchScreen.storyboard in Resources */,
				732E2FBF20A6D764004CD401 /* Assets.xcassets in Resources */,
				732E2FBD20A6D761004CD401 /* Main.storyboard in Resources */,
			);
			runOnlyForDeploymentPostprocessing = 0;
		};
/* End PBXResourcesBuildPhase section */

/* Begin PBXSourcesBuildPhase section */
		732E2FB020A6D761004CD401 /* Sources */ = {
			isa = PBXSourcesBuildPhase;
			buildActionMask = 2147483647;
			files = (
				73EBD90820A6E1EC00E3B069 /* SwiftTableViewViewController.swift in Sources */,
				73EBD90D20A6E4C300E3B069 /* CellModelInfo.swift in Sources */,
				732E2FBA20A6D761004CD401 /* ViewController.swift in Sources */,
				73EBD90B20A6E23600E3B069 /* SwiftTableView.swift in Sources */,
				732E2FCA20A6D782004CD401 /* SystemTableVC.swift in Sources */,
				732E2FB820A6D761004CD401 /* AppDelegate.swift in Sources */,
			);
			runOnlyForDeploymentPostprocessing = 0;
		};
/* End PBXSourcesBuildPhase section */

/* Begin PBXVariantGroup section */
		732E2FBB20A6D761004CD401 /* Main.storyboard */ = {
			isa = PBXVariantGroup;
			children = (
				732E2FBC20A6D761004CD401 /* Base */,
			);
			name = Main.storyboard;
			sourceTree = "<group>";
		};
		732E2FC020A6D764004CD401 /* LaunchScreen.storyboard */ = {
			isa = PBXVariantGroup;
			children = (
				732E2FC120A6D764004CD401 /* Base */,
			);
			name = LaunchScreen.storyboard;
			sourceTree = "<group>";
		};
/* End PBXVariantGroup section */

/* Begin XCBuildConfiguration section */
		732E2FC420A6D764004CD401 /* Debug */ = {
			isa = XCBuildConfiguration;
			buildSettings = {
				ALWAYS_SEARCH_USER_PATHS = NO;
				CLANG_ANALYZER_NONNULL = YES;
				CLANG_ANALYZER_NUMBER_OBJECT_CONVERSION = YES_AGGRESSIVE;
				CLANG_CXX_LANGUAGE_STANDARD = "gnu++14";
				CLANG_CXX_LIBRARY = "libc++";
				CLANG_ENABLE_MODULES = YES;
				CLANG_ENABLE_OBJC_ARC = YES;
				CLANG_ENABLE_OBJC_WEAK = YES;
				CLANG_WARN_BLOCK_CAPTURE_AUTORELEASING = YES;
				CLANG_WARN_BOOL_CONVERSION = YES;
				CLANG_WARN_COMMA = YES;
				CLANG_WARN_CONSTANT_CONVERSION = YES;
				CLANG_WARN_DEPRECATED_OBJC_IMPLEMENTATIONS = YES;
				CLANG_WARN_DIRECT_OBJC_ISA_USAGE = YES_ERROR;
				CLANG_WARN_DOCUMENTATION_COMMENTS = YES;
				CLANG_WARN_EMPTY_BODY = YES;
				CLANG_WARN_ENUM_CONVERSION = YES;
				CLANG_WARN_INFINITE_RECURSION = YES;
				CLANG_WARN_INT_CONVERSION = YES;
				CLANG_WARN_NON_LITERAL_NULL_CONVERSION = YES;
				CLANG_WARN_OBJC_IMPLICIT_RETAIN_SELF = YES;
				CLANG_WARN_OBJC_LITERAL_CONVERSION = YES;
				CLANG_WARN_OBJC_ROOT_CLASS = YES_ERROR;
				CLANG_WARN_RANGE_LOOP_ANALYSIS = YES;
				CLANG_WARN_STRICT_PROTOTYPES = YES;
				CLANG_WARN_SUSPICIOUS_MOVE = YES;
				CLANG_WARN_UNGUARDED_AVAILABILITY = YES_AGGRESSIVE;
				CLANG_WARN_UNREACHABLE_CODE = YES;
				CLANG_WARN__DUPLICATE_METHOD_MATCH = YES;
				CODE_SIGN_IDENTITY = "iPhone Developer";
				COPY_PHASE_STRIP = NO;
				DEBUG_INFORMATION_FORMAT = dwarf;
				ENABLE_STRICT_OBJC_MSGSEND = YES;
				ENABLE_TESTABILITY = YES;
				GCC_C_LANGUAGE_STANDARD = gnu11;
				GCC_DYNAMIC_NO_PIC = NO;
				GCC_NO_COMMON_BLOCKS = YES;
				GCC_OPTIMIZATION_LEVEL = 0;
				GCC_PREPROCESSOR_DEFINITIONS = (
					"DEBUG=1",
					"$(inherited)",
				);
				GCC_WARN_64_TO_32_BIT_CONVERSION = YES;
				GCC_WARN_ABOUT_RETURN_TYPE = YES_ERROR;
				GCC_WARN_UNDECLARED_SELECTOR = YES;
				GCC_WARN_UNINITIALIZED_AUTOS = YES_AGGRESSIVE;
				GCC_WARN_UNUSED_FUNCTION = YES;
				GCC_WARN_UNUSED_VARIABLE = YES;
				IPHONEOS_DEPLOYMENT_TARGET = 11.3;
				MTL_ENABLE_DEBUG_INFO = YES;
				ONLY_ACTIVE_ARCH = YES;
				SDKROOT = iphoneos;
				SWIFT_ACTIVE_COMPILATION_CONDITIONS = DEBUG;
				SWIFT_OPTIMIZATION_LEVEL = "-Onone";
			};
			name = Debug;
		};
		732E2FC520A6D764004CD401 /* Release */ = {
			isa = XCBuildConfiguration;
			buildSettings = {
				ALWAYS_SEARCH_USER_PATHS = NO;
				CLANG_ANALYZER_NONNULL = YES;
				CLANG_ANALYZER_NUMBER_OBJECT_CONVERSION = YES_AGGRESSIVE;
				CLANG_CXX_LANGUAGE_STANDARD = "gnu++14";
				CLANG_CXX_LIBRARY = "libc++";
				CLANG_ENABLE_MODULES = YES;
				CLANG_ENABLE_OBJC_ARC = YES;
				CLANG_ENABLE_OBJC_WEAK = YES;
				CLANG_WARN_BLOCK_CAPTURE_AUTORELEASING = YES;
				CLANG_WARN_BOOL_CONVERSION = YES;
				CLANG_WARN_COMMA = YES;
				CLANG_WARN_CONSTANT_CONVERSION = YES;
				CLANG_WARN_DEPRECATED_OBJC_IMPLEMENTATIONS = YES;
				CLANG_WARN_DIRECT_OBJC_ISA_USAGE = YES_ERROR;
				CLANG_WARN_DOCUMENTATION_COMMENTS = YES;
				CLANG_WARN_EMPTY_BODY = YES;
				CLANG_WARN_ENUM_CONVERSION = YES;
				CLANG_WARN_INFINITE_RECURSION = YES;
				CLANG_WARN_INT_CONVERSION = YES;
				CLANG_WARN_NON_LITERAL_NULL_CONVERSION = YES;
				CLANG_WARN_OBJC_IMPLICIT_RETAIN_SELF = YES;
				CLANG_WARN_OBJC_LITERAL_CONVERSION = YES;
				CLANG_WARN_OBJC_ROOT_CLASS = YES_ERROR;
				CLANG_WARN_RANGE_LOOP_ANALYSIS = YES;
				CLANG_WARN_STRICT_PROTOTYPES = YES;
				CLANG_WARN_SUSPICIOUS_MOVE = YES;
				CLANG_WARN_UNGUARDED_AVAILABILITY = YES_AGGRESSIVE;
				CLANG_WARN_UNREACHABLE_CODE = YES;
				CLANG_WARN__DUPLICATE_METHOD_MATCH = YES;
				CODE_SIGN_IDENTITY = "iPhone Developer";
				COPY_PHASE_STRIP = NO;
				DEBUG_INFORMATION_FORMAT = "dwarf-with-dsym";
				ENABLE_NS_ASSERTIONS = NO;
				ENABLE_STRICT_OBJC_MSGSEND = YES;
				GCC_C_LANGUAGE_STANDARD = gnu11;
				GCC_NO_COMMON_BLOCKS = YES;
				GCC_WARN_64_TO_32_BIT_CONVERSION = YES;
				GCC_WARN_ABOUT_RETURN_TYPE = YES_ERROR;
				GCC_WARN_UNDECLARED_SELECTOR = YES;
				GCC_WARN_UNINITIALIZED_AUTOS = YES_AGGRESSIVE;
				GCC_WARN_UNUSED_FUNCTION = YES;
				GCC_WARN_UNUSED_VARIABLE = YES;
				IPHONEOS_DEPLOYMENT_TARGET = 11.3;
				MTL_ENABLE_DEBUG_INFO = NO;
				SDKROOT = iphoneos;
				SWIFT_COMPILATION_MODE = wholemodule;
				SWIFT_OPTIMIZATION_LEVEL = "-O";
				VALIDATE_PRODUCT = YES;
			};
			name = Release;
		};
		732E2FC720A6D764004CD401 /* Debug */ = {
			isa = XCBuildConfiguration;
			buildSettings = {
				ASSETCATALOG_COMPILER_APPICON_NAME = AppIcon;
				CODE_SIGN_STYLE = Automatic;
				DEVELOPMENT_TEAM = VMTN98C772;
				INFOPLIST_FILE = TableView/Info.plist;
				IPHONEOS_DEPLOYMENT_TARGET = 9.3;
				LD_RUNPATH_SEARCH_PATHS = (
					"$(inherited)",
					"@executable_path/Frameworks",
				);
				PRODUCT_BUNDLE_IDENTIFIER = HZ.TableView;
				PRODUCT_NAME = "$(TARGET_NAME)";
				SWIFT_VERSION = 4.0;
				TARGETED_DEVICE_FAMILY = "1,2";
			};
			name = Debug;
		};
		732E2FC820A6D764004CD401 /* Release */ = {
			isa = XCBuildConfiguration;
			buildSettings = {
				ASSETCATALOG_COMPILER_APPICON_NAME = AppIcon;
				CODE_SIGN_STYLE = Automatic;
				DEVELOPMENT_TEAM = VMTN98C772;
				INFOPLIST_FILE = TableView/Info.plist;
				IPHONEOS_DEPLOYMENT_TARGET = 9.3;
				LD_RUNPATH_SEARCH_PATHS = (
					"$(inherited)",
					"@executable_path/Frameworks",
				);
				PRODUCT_BUNDLE_IDENTIFIER = HZ.TableView;
				PRODUCT_NAME = "$(TARGET_NAME)";
				SWIFT_VERSION = 4.0;
				TARGETED_DEVICE_FAMILY = "1,2";
			};
			name = Release;
		};
/* End XCBuildConfiguration section */

/* Begin XCConfigurationList section */
		732E2FAF20A6D761004CD401 /* Build configuration list for PBXProject "TableView" */ = {
			isa = XCConfigurationList;
			buildConfigurations = (
				732E2FC420A6D764004CD401 /* Debug */,
				732E2FC520A6D764004CD401 /* Release */,
			);
			defaultConfigurationIsVisible = 0;
			defaultConfigurationName = Release;
		};
		732E2FC620A6D764004CD401 /* Build configuration list for PBXNativeTarget "TableView" */ = {
			isa = XCConfigurationList;
			buildConfigurations = (
				732E2FC720A6D764004CD401 /* Debug */,
				732E2FC820A6D764004CD401 /* Release */,
			);
			defaultConfigurationIsVisible = 0;
			defaultConfigurationName = Release;
		};
/* End XCConfigurationList section */
	};
	rootObject = 732E2FAC20A6D761004CD401 /* Project object */;
}
